
Microsoft Visual Studio Solution File, Format Version 12.00
# Visual Studio Version 17
VisualStudioVersion = 17.6.33815.320
MinimumVisualStudioVersion = 10.0.40219.1
Project("{FAE04EC0-301F-11D3-BF4B-00C04F79EFBC}") = "OtusHomeWork9", "OtusHomeWork9\OtusHomeWork9.csproj", "{515736C8-871E-4673-98C0-1A34D205C338}"
EndProject
Global
	GlobalSection(SolutionConfigurationPlatforms) = preSolution
		Debug|Any CPU = Debug|Any CPU
		Release|Any CPU = Release|Any CPU
	EndGlobalSection
	GlobalSection(ProjectConfigurationPlatforms) = postSolution
		{515736C8-871E-4673-98C0-1A34D205C338}.Debug|Any CPU.ActiveCfg = Debug|Any CPU
		{515736C8-871E-4673-98C0-1A34D205C338}.Debug|Any CPU.Build.0 = Debug|Any CPU
		{515736C8-871E-4673-98C0-1A34D205C338}.Release|Any CPU.ActiveCfg = Release|Any CPU
		{515736C8-871E-4673-98C0-1A34D205C338}.Release|Any CPU.Build.0 = Release|Any CPU
	EndGlobalSection
	GlobalSection(SolutionProperties) = preSolution
		HideSolutionNode = FALSE
	EndGlobalSection
	GlobalSection(ExtensibilityGlobals) = postSolution
		SolutionGuid = {D025BF19-22B9-4DE1-A0BB-E1DA19F14CF6}
	EndGlobalSection
EndGlobal
